
Microsoft Visual Studio Solution File, Format Version 12.00
# 
Project("{FAE04EC0-301F-11D3-BF4B-00C04F79EFBC}") = "LocalizationGlobalizationNative", "LocalizationGlobalizationNative\LocalizationGlobalizationNative.csproj", "{91B1D381-D8AC-41AE-8256-D40E6E3A597B}"
EndProject
Project("{FAE04EC0-301F-11D3-BF4B-00C04F79EFBC}") = "LocalisationGlobalizationI18nText", "LocalisationGlobalizationI18nText\LocalisationGlobalizationI18nText.csproj", "{56A40CAD-AF63-43EF-87F1-03D80A871F36}"
EndProject
Project("{FAE04EC0-301F-11D3-BF4B-00C04F79EFBC}") = "BlazorBasic", "BlazorBasic\BlazorBasic.csproj", "{A81728D1-F2C8-4C3D-AAB4-EB21D9D25E9D}"
EndProject
Global
	GlobalSection(SolutionConfigurationPlatforms) = preSolution
		Debug|Any CPU = Debug|Any CPU
		Release|Any CPU = Release|Any CPU
	EndGlobalSection
	GlobalSection(ProjectConfigurationPlatforms) = postSolution
		{91B1D381-D8AC-41AE-8256-D40E6E3A597B}.Debug|Any CPU.ActiveCfg = Debug|Any CPU
		{91B1D381-D8AC-41AE-8256-D40E6E3A597B}.Debug|Any CPU.Build.0 = Debug|Any CPU
		{91B1D381-D8AC-41AE-8256-D40E6E3A597B}.Release|Any CPU.ActiveCfg = Release|Any CPU
		{91B1D381-D8AC-41AE-8256-D40E6E3A597B}.Release|Any CPU.Build.0 = Release|Any CPU
		{56A40CAD-AF63-43EF-87F1-03D80A871F36}.Debug|Any CPU.ActiveCfg = Debug|Any CPU
		{56A40CAD-AF63-43EF-87F1-03D80A871F36}.Debug|Any CPU.Build.0 = Debug|Any CPU
		{56A40CAD-AF63-43EF-87F1-03D80A871F36}.Release|Any CPU.ActiveCfg = Release|Any CPU
		{56A40CAD-AF63-43EF-87F1-03D80A871F36}.Release|Any CPU.Build.0 = Release|Any CPU
		{A81728D1-F2C8-4C3D-AAB4-EB21D9D25E9D}.Debug|Any CPU.ActiveCfg = Debug|Any CPU
		{A81728D1-F2C8-4C3D-AAB4-EB21D9D25E9D}.Debug|Any CPU.Build.0 = Debug|Any CPU
		{A81728D1-F2C8-4C3D-AAB4-EB21D9D25E9D}.Release|Any CPU.ActiveCfg = Release|Any CPU
		{A81728D1-F2C8-4C3D-AAB4-EB21D9D25E9D}.Release|Any CPU.Build.0 = Release|Any CPU
	EndGlobalSection
EndGlobal
